<?xml version="1.0" encoding="utf-8"?>
<Project ToolsVersion="4.0" xmlns="http://schemas.microsoft.com/developer/msbuild/2003">
  <ItemGroup>
    <Filter Include="Source Files">
      <UniqueIdentifier>{4FC737F1-C7A5-4376-A066-2A32D752A2FF}</UniqueIdentifier>
      <Extensions>cpp;c;cc;cxx;def;odl;idl;hpj;bat;asm;asmx</Extensions>
    </Filter>
    <Filter Include="Resource Files">
      <UniqueIdentifier>{67DA6AB6-F800-4c08-8B7A-83BB121AAD01}</UniqueIdentifier>
      <Extensions>rc;ico;cur;bmp;dlg;rc2;rct;bin;rgs;gif;jpg;jpeg;jpe;resx;tiff;tif;png;wav;mfcribbon-ms</Extensions>
    </Filter>
    <Filter Include="Source Files\DirectX">
      <UniqueIdentifier>{fa74ca38-0c6a-4cb9-87ac-74090b5ba350}</UniqueIdentifier>
    </Filter>
    <Filter Include="Source Files\Game Mario">
      <UniqueIdentifier>{0fdf19a9-cb77-4395-b171-a11852cff81a}</UniqueIdentifier>
    </Filter>
  </ItemGroup>
  <ItemGroup>
    <ClCompile Include="WinMain.cpp">
      <Filter>Source Files</Filter>
    </ClCompile>
    <ClCompile Include="Timer.cpp">
      <Filter>Source Files</Filter>
    </ClCompile>
    <ClCompile Include="GameWindow.cpp">
      <Filter>Source Files\DirectX</Filter>
    </ClCompile>
    <ClCompile Include="GameObject.cpp">
      <Filter>Source Files\DirectX</Filter>
    </ClCompile>
    <ClCompile Include="GameKeyboard.cpp">
      <Filter>Source Files\DirectX</Filter>
    </ClCompile>
    <ClCompile Include="GameGraphic.cpp">
      <Filter>Source Files\DirectX</Filter>
    </ClCompile>
    <ClCompile Include="Sprite.cpp">
      <Filter>Source Files\DirectX</Filter>
    </ClCompile>
    <ClCompile Include="FileUtils.cpp">
      <Filter>Source Files\DirectX</Filter>
    </ClCompile>
    <ClCompile Include="Game.cpp">
      <Filter>Source Files\Game Mario</Filter>
    </ClCompile>
    <ClCompile Include="dsutil.cpp">
      <Filter>Source Files\DirectX</Filter>
    </ClCompile>
    <ClCompile Include="GameSound.cpp">
      <Filter>Source Files\DirectX</Filter>
    </ClCompile>
    <ClCompile Include="dxutil.cpp">
      <Filter>Source Files\DirectX</Filter>
    </ClCompile>
    <ClCompile Include="Camera.cpp">
      <Filter>Source Files\Game Mario</Filter>
    </ClCompile>
  </ItemGroup>
  <ItemGroup>
    <ClInclude Include="Global.h">
      <Filter>Source Files</Filter>
    </ClInclude>
    <ClInclude Include="Timer.h">
      <Filter>Source Files</Filter>
    </ClInclude>
    <ClInclude Include="GameWindow.h">
      <Filter>Source Files\DirectX</Filter>
    </ClInclude>
    <ClInclude Include="GameObject.h">
      <Filter>Source Files\DirectX</Filter>
    </ClInclude>
    <ClInclude Include="GameKeyboard.h">
      <Filter>Source Files\DirectX</Filter>
    </ClInclude>
    <ClInclude Include="GameGraphic.h">
      <Filter>Source Files\DirectX</Filter>
    </ClInclude>
    <ClInclude Include="Sprite.h">
      <Filter>Source Files\DirectX</Filter>
    </ClInclude>
    <ClInclude Include="Transformation.h">
      <Filter>Source Files\DirectX</Filter>
    </ClInclude>
    <ClInclude Include="FileUtils.h">
      <Filter>Source Files\DirectX</Filter>
    </ClInclude>
    <ClInclude Include="Singleton.h">
      <Filter>Source Files\DirectX</Filter>
    </ClInclude>
    <ClInclude Include="Game.h">
      <Filter>Source Files\Game Mario</Filter>
    </ClInclude>
    <ClInclude Include="dsutil.h">
      <Filter>Source Files\DirectX</Filter>
    </ClInclude>
    <ClInclude Include="GameSound.h">
      <Filter>Source Files\DirectX</Filter>
    </ClInclude>
    <ClInclude Include="dxutil.h">
      <Filter>Source Files\DirectX</Filter>
    </ClInclude>
    <ClInclude Include="Camera.h">
      <Filter>Source Files\Game Mario</Filter>
    </ClInclude>
  </ItemGroup>
  <ItemGroup>
    <Text Include="DirectX.txt">
      <Filter>Source Files\DirectX</Filter>
    </Text>
  </ItemGroup>
</Project>