<?xml version="1.0" encoding="utf-8"?>
<Project ToolsVersion="4.0" xmlns="http://schemas.microsoft.com/developer/msbuild/2003">
  <ItemGroup>
    <Filter Include="Source Files">
      <UniqueIdentifier>{4FC737F1-C7A5-4376-A066-2A32D752A2FF}</UniqueIdentifier>
      <Extensions>cpp;c;cc;cxx;def;odl;idl;hpj;bat;asm;asmx</Extensions>
    </Filter>
    <Filter Include="Resource Files">
      <UniqueIdentifier>{67DA6AB6-F800-4c08-8B7A-83BB121AAD01}</UniqueIdentifier>
      <Extensions>rc;ico;cur;bmp;dlg;rc2;rct;bin;rgs;gif;jpg;jpeg;jpe;resx;tiff;tif;png;wav;mfcribbon-ms</Extensions>
    </Filter>
    <Filter Include="Source Files\DirectX">
      <UniqueIdentifier>{fa74ca38-0c6a-4cb9-87ac-74090b5ba350}</UniqueIdentifier>
    </Filter>
    <Filter Include="Source Files\Game Mario">
      <UniqueIdentifier>{0fdf19a9-cb77-4395-b171-a11852cff81a}</UniqueIdentifier>
    </Filter>
    <Filter Include="Source Files\Game Mario\Game Object">
      <UniqueIdentifier>{3d7f8b72-4502-4d40-a545-022c7ff80ea9}</UniqueIdentifier>
    </Filter>
    <Filter Include="Source Files\Game Mario\Game Object\Dynamic Object">
      <UniqueIdentifier>{488dc38b-83ad-40ec-b251-2c8accd574df}</UniqueIdentifier>
    </Filter>
    <Filter Include="Source Files\Game Mario\Game Object\Living Object">
      <UniqueIdentifier>{73e2ea90-8ac8-4eae-aee0-4d9745f6da4b}</UniqueIdentifier>
    </Filter>
    <Filter Include="Source Files\Game Mario\Game Object\Static Object">
      <UniqueIdentifier>{9cfc65d4-8f16-4e7f-89d0-c92b909650f0}</UniqueIdentifier>
    </Filter>
    <Filter Include="Source Files\Game Mario\StateManagement">
      <UniqueIdentifier>{33fba84a-be6e-4378-82e1-7deb5d9cdd81}</UniqueIdentifier>
    </Filter>
  </ItemGroup>
  <ItemGroup>
    <ClCompile Include="GameWindow.cpp">
      <Filter>Source Files\DirectX</Filter>
    </ClCompile>
    <ClCompile Include="GameKeyboard.cpp">
      <Filter>Source Files\DirectX</Filter>
    </ClCompile>
    <ClCompile Include="GameGraphic.cpp">
      <Filter>Source Files\DirectX</Filter>
    </ClCompile>
    <ClCompile Include="Sprite.cpp">
      <Filter>Source Files\DirectX</Filter>
    </ClCompile>
    <ClCompile Include="FileUtils.cpp">
      <Filter>Source Files\DirectX</Filter>
    </ClCompile>
    <ClCompile Include="Game.cpp">
      <Filter>Source Files\Game Mario</Filter>
    </ClCompile>
    <ClCompile Include="dsutil.cpp">
      <Filter>Source Files\DirectX</Filter>
    </ClCompile>
    <ClCompile Include="GameSound.cpp">
      <Filter>Source Files\DirectX</Filter>
    </ClCompile>
    <ClCompile Include="dxutil.cpp">
      <Filter>Source Files\DirectX</Filter>
    </ClCompile>
    <ClCompile Include="Collision.cpp">
      <Filter>Source Files\DirectX</Filter>
    </ClCompile>
    <ClCompile Include="StaticObject.cpp">
      <Filter>Source Files\Game Mario\Game Object</Filter>
    </ClCompile>
    <ClCompile Include="DynamicObject.cpp">
      <Filter>Source Files\Game Mario\Game Object</Filter>
    </ClCompile>
    <ClCompile Include="Pipe.cpp">
      <Filter>Source Files\Game Mario\Game Object\Static Object</Filter>
    </ClCompile>
    <ClCompile Include="Brick.cpp">
      <Filter>Source Files\Game Mario\Game Object\Static Object</Filter>
    </ClCompile>
    <ClCompile Include="CoinBrick.cpp">
      <Filter>Source Files\Game Mario\Game Object\Static Object</Filter>
    </ClCompile>
    <ClCompile Include="Stone.cpp">
      <Filter>Source Files\Game Mario\Game Object\Static Object</Filter>
    </ClCompile>
    <ClCompile Include="Timer.cpp">
      <Filter>Source Files\DirectX</Filter>
    </ClCompile>
    <ClCompile Include="WinMain.cpp">
      <Filter>Source Files\Game Mario</Filter>
    </ClCompile>
    <ClCompile Include="Camera.cpp">
      <Filter>Source Files\Game Mario</Filter>
    </ClCompile>
    <ClCompile Include="BaseObject.cpp">
      <Filter>Source Files\Game Mario\Game Object</Filter>
    </ClCompile>
    <ClCompile Include="LivingObject.cpp">
      <Filter>Source Files\Game Mario\Game Object</Filter>
    </ClCompile>
    <ClCompile Include="FireTurtle.cpp">
      <Filter>Source Files\Game Mario\Game Object\Living Object</Filter>
    </ClCompile>
    <ClCompile Include="Mario.cpp">
      <Filter>Source Files\Game Mario\Game Object\Living Object</Filter>
    </ClCompile>
    <ClCompile Include="Turtle.cpp">
      <Filter>Source Files\Game Mario\Game Object\Living Object</Filter>
    </ClCompile>
    <ClCompile Include="PipeUp1.cpp">
      <Filter>Source Files\Game Mario\Game Object\Static Object</Filter>
    </ClCompile>
    <ClCompile Include="CarnivorousFlower.cpp">
      <Filter>Source Files\Game Mario\Game Object\Living Object</Filter>
    </ClCompile>
    <ClCompile Include="PipeDown1.cpp">
      <Filter>Source Files\Game Mario\Game Object\Static Object</Filter>
    </ClCompile>
    <ClCompile Include="Cloud.cpp">
      <Filter>Source Files\Game Mario\Game Object\Dynamic Object</Filter>
    </ClCompile>
    <ClCompile Include="Grass.cpp">
      <Filter>Source Files\Game Mario\Game Object\Dynamic Object</Filter>
    </ClCompile>
    <ClCompile Include="Enemy.cpp">
      <Filter>Source Files\Game Mario\Game Object\Living Object</Filter>
    </ClCompile>
    <ClCompile Include="Coin.cpp">
      <Filter>Source Files\Game Mario\Game Object\Dynamic Object</Filter>
    </ClCompile>
    <ClCompile Include="Animation.cpp">
      <Filter>Source Files\Game Mario</Filter>
    </ClCompile>
    <ClCompile Include="BinaryNode.cpp">
      <Filter>Source Files\Game Mario</Filter>
    </ClCompile>
    <ClCompile Include="BinaryTree.cpp">
      <Filter>Source Files\Game Mario</Filter>
    </ClCompile>
    <ClCompile Include="Spring.cpp">
      <Filter>Source Files\Game Mario\Game Object\Dynamic Object</Filter>
    </ClCompile>
    <ClCompile Include="Bar.cpp">
      <Filter>Source Files\Game Mario\Game Object\Dynamic Object</Filter>
    </ClCompile>
    <ClCompile Include="CoinBlock.cpp">
      <Filter>Source Files\Game Mario\Game Object\Dynamic Object</Filter>
    </ClCompile>
    <ClCompile Include="Land.cpp">
      <Filter>Source Files\Game Mario\Game Object\Static Object</Filter>
    </ClCompile>
    <ClCompile Include="MushroomBlock.cpp">
      <Filter>Source Files\Game Mario\Game Object\Dynamic Object</Filter>
    </ClCompile>
    <ClCompile Include="BaseGameState.cpp">
      <Filter>Source Files\Game Mario\StateManagement</Filter>
    </ClCompile>
    <ClCompile Include="GameStateManager.cpp">
      <Filter>Source Files\Game Mario\StateManagement</Filter>
    </ClCompile>
    <ClCompile Include="MenuState.cpp">
      <Filter>Source Files\Game Mario\StateManagement</Filter>
    </ClCompile>
  </ItemGroup>
  <ItemGroup>
    <ClInclude Include="GameWindow.h">
      <Filter>Source Files\DirectX</Filter>
    </ClInclude>
    <ClInclude Include="GameKeyboard.h">
      <Filter>Source Files\DirectX</Filter>
    </ClInclude>
    <ClInclude Include="GameGraphic.h">
      <Filter>Source Files\DirectX</Filter>
    </ClInclude>
    <ClInclude Include="Sprite.h">
      <Filter>Source Files\DirectX</Filter>
    </ClInclude>
    <ClInclude Include="Transformation.h">
      <Filter>Source Files\DirectX</Filter>
    </ClInclude>
    <ClInclude Include="FileUtils.h">
      <Filter>Source Files\DirectX</Filter>
    </ClInclude>
    <ClInclude Include="Singleton.h">
      <Filter>Source Files\DirectX</Filter>
    </ClInclude>
    <ClInclude Include="Game.h">
      <Filter>Source Files\Game Mario</Filter>
    </ClInclude>
    <ClInclude Include="dsutil.h">
      <Filter>Source Files\DirectX</Filter>
    </ClInclude>
    <ClInclude Include="GameSound.h">
      <Filter>Source Files\DirectX</Filter>
    </ClInclude>
    <ClInclude Include="dxutil.h">
      <Filter>Source Files\DirectX</Filter>
    </ClInclude>
    <ClInclude Include="Collision.h">
      <Filter>Source Files\DirectX</Filter>
    </ClInclude>
    <ClInclude Include="Box.h">
      <Filter>Source Files\DirectX</Filter>
    </ClInclude>
    <ClInclude Include="StaticObject.h">
      <Filter>Source Files\Game Mario\Game Object</Filter>
    </ClInclude>
    <ClInclude Include="DynamicObject.h">
      <Filter>Source Files\Game Mario\Game Object</Filter>
    </ClInclude>
    <ClInclude Include="Pipe.h">
      <Filter>Source Files\Game Mario\Game Object\Static Object</Filter>
    </ClInclude>
    <ClInclude Include="Brick.h">
      <Filter>Source Files\Game Mario\Game Object\Static Object</Filter>
    </ClInclude>
    <ClInclude Include="CoinBrick.h">
      <Filter>Source Files\Game Mario\Game Object\Static Object</Filter>
    </ClInclude>
    <ClInclude Include="Stone.h">
      <Filter>Source Files\Game Mario\Game Object\Static Object</Filter>
    </ClInclude>
    <ClInclude Include="Timer.h">
      <Filter>Source Files\DirectX</Filter>
    </ClInclude>
    <ClInclude Include="Global.h">
      <Filter>Source Files\Game Mario</Filter>
    </ClInclude>
    <ClInclude Include="Camera.h">
      <Filter>Source Files\Game Mario</Filter>
    </ClInclude>
    <ClInclude Include="BaseObject.h">
      <Filter>Source Files\Game Mario\Game Object</Filter>
    </ClInclude>
    <ClInclude Include="LivingObject.h">
      <Filter>Source Files\Game Mario\Game Object</Filter>
    </ClInclude>
    <ClInclude Include="FireTurtle.h">
      <Filter>Source Files\Game Mario\Game Object\Living Object</Filter>
    </ClInclude>
    <ClInclude Include="Mario.h">
      <Filter>Source Files\Game Mario\Game Object\Living Object</Filter>
    </ClInclude>
    <ClInclude Include="Turtle.h">
      <Filter>Source Files\Game Mario\Game Object\Living Object</Filter>
    </ClInclude>
    <ClInclude Include="PipeUp1.h">
      <Filter>Source Files\Game Mario\Game Object\Static Object</Filter>
    </ClInclude>
    <ClInclude Include="CarnivorousFlower.h">
      <Filter>Source Files\Game Mario\Game Object\Living Object</Filter>
    </ClInclude>
    <ClInclude Include="PipeDown1.h">
      <Filter>Source Files\Game Mario\Game Object\Static Object</Filter>
    </ClInclude>
    <ClInclude Include="Cloud.h">
      <Filter>Source Files\Game Mario\Game Object\Dynamic Object</Filter>
    </ClInclude>
    <ClInclude Include="Grass.h">
      <Filter>Source Files\Game Mario\Game Object\Dynamic Object</Filter>
    </ClInclude>
    <ClInclude Include="Enemy.h">
      <Filter>Source Files\Game Mario\Game Object\Living Object</Filter>
    </ClInclude>
    <ClInclude Include="Coin.h">
      <Filter>Source Files\Game Mario\Game Object\Dynamic Object</Filter>
    </ClInclude>
    <ClInclude Include="Animation.h">
      <Filter>Source Files\Game Mario</Filter>
    </ClInclude>
    <ClInclude Include="BinaryNode.h">
      <Filter>Source Files\Game Mario</Filter>
    </ClInclude>
    <ClInclude Include="BinaryTree.h">
      <Filter>Source Files\Game Mario</Filter>
    </ClInclude>
    <ClInclude Include="Spring.h">
      <Filter>Source Files\Game Mario\Game Object\Dynamic Object</Filter>
    </ClInclude>
    <ClInclude Include="Bar.h">
      <Filter>Source Files\Game Mario\Game Object\Dynamic Object</Filter>
    </ClInclude>
    <ClInclude Include="CoinBlock.h">
      <Filter>Source Files\Game Mario\Game Object\Dynamic Object</Filter>
    </ClInclude>
    <ClInclude Include="Land.h">
      <Filter>Source Files\Game Mario\Game Object\Static Object</Filter>
    </ClInclude>
    <ClInclude Include="MushroomBlock.h">
      <Filter>Source Files\Game Mario\Game Object\Dynamic Object</Filter>
    </ClInclude>
    <ClInclude Include="BaseGameState.h">
      <Filter>Source Files\Game Mario\StateManagement</Filter>
    </ClInclude>
    <ClInclude Include="GameStateManager.h">
      <Filter>Source Files\Game Mario\StateManagement</Filter>
    </ClInclude>
    <ClInclude Include="MenuState.h">
      <Filter>Source Files\Game Mario\StateManagement</Filter>
    </ClInclude>
  </ItemGroup>
  <ItemGroup>
    <Text Include="DirectX.txt">
      <Filter>Source Files\DirectX</Filter>
    </Text>
  </ItemGroup>
</Project>